<?xml version="1.0" encoding="utf-8"?>
<Project ToolsVersion="4.0" xmlns="http://schemas.microsoft.com/developer/msbuild/2003">
  <ItemGroup>
    <ClCompile Include="src\main.cpp" />
    <ClCompile Include="src\itemManager.cpp">
      <Filter>items</Filter>
    </ClCompile>
    <ClCompile Include="src\items.cpp">
      <Filter>items</Filter>
    </ClCompile>
    <ClCompile Include="src\agent.cpp" />
  </ItemGroup>
  <ItemGroup>
    <ClInclude Include="src\main.h" />
    <ClInclude Include="src\itemManager.h">
      <Filter>items</Filter>
    </ClInclude>
    <ClInclude Include="src\items.h">
      <Filter>items</Filter>
    </ClInclude>
    <ClInclude Include="src\agent.h" />
  </ItemGroup>
  <ItemGroup>
    <Filter Include="items">
      <UniqueIdentifier>{1d26bf93-a066-41b0-8463-d54827708e81}</UniqueIdentifier>
    </Filter>
  </ItemGroup>
</Project>